
Microsoft Visual Studio Solution File, Format Version 12.00
# Visual Studio 15
Project("{FAE04EC0-301F-11D3-BF4B-00C04F79EFBC}") = "CountdownSpeedTest", "CountdownSpeedTest\CountdownSpeedTest.csproj", "{4ABAC841-A724-4359-950A-492E14A9937A}"
EndProject
Global
	GlobalSection(SolutionConfigurationPlatforms) = preSolution
		Debug|Any CPU = Debug|Any CPU
		Release|Any CPU = Release|Any CPU
	EndGlobalSection
	GlobalSection(ProjectConfigurationPlatforms) = postSolution
		{4ABAC841-A724-4359-950A-492E14A9937A}.Debug|Any CPU.ActiveCfg = Debug|Any CPU
		{4ABAC841-A724-4359-950A-492E14A9937A}.Debug|Any CPU.Build.0 = Debug|Any CPU
		{4ABAC841-A724-4359-950A-492E14A9937A}.Release|Any CPU.ActiveCfg = Release|Any CPU
		{4ABAC841-A724-4359-950A-492E14A9937A}.Release|Any CPU.Build.0 = Release|Any CPU
	EndGlobalSection
EndGlobal
